
Microsoft Visual Studio Solution File, Format Version 12.00
# Visual Studio 15
VisualStudioVersion = 15.0.28307.168
MinimumVisualStudioVersion = 10.0.40219.1
Project("{FAE04EC0-301F-11D3-BF4B-00C04F79EFBC}") = "Fizzbuzz", "Fizzbuzz\Fizzbuzz.csproj", "{361F40B3-4855-4074-A324-A918F41A7297}"
EndProject
Project("{FAE04EC0-301F-11D3-BF4B-00C04F79EFBC}") = "Fizzbuzz.Test", "Fizzbuzz.Test\Fizzbuzz.Test.csproj", "{C0F5B332-625C-4A5D-AAB8-5F36E1BBFBB6}"
EndProject
Project("{FAE04EC0-301F-11D3-BF4B-00C04F79EFBC}") = "App", "App\App.csproj", "{61AA90F6-06AB-4AC8-99DE-60FA0E7AB150}"
EndProject
Global
	GlobalSection(SolutionConfigurationPlatforms) = preSolution
		Debug|Any CPU = Debug|Any CPU
		Release|Any CPU = Release|Any CPU
	EndGlobalSection
	GlobalSection(ProjectConfigurationPlatforms) = postSolution
		{361F40B3-4855-4074-A324-A918F41A7297}.Debug|Any CPU.ActiveCfg = Debug|Any CPU
		{361F40B3-4855-4074-A324-A918F41A7297}.Debug|Any CPU.Build.0 = Debug|Any CPU
		{361F40B3-4855-4074-A324-A918F41A7297}.Release|Any CPU.ActiveCfg = Release|Any CPU
		{361F40B3-4855-4074-A324-A918F41A7297}.Release|Any CPU.Build.0 = Release|Any CPU
		{C0F5B332-625C-4A5D-AAB8-5F36E1BBFBB6}.Debug|Any CPU.ActiveCfg = Debug|Any CPU
		{C0F5B332-625C-4A5D-AAB8-5F36E1BBFBB6}.Debug|Any CPU.Build.0 = Debug|Any CPU
		{C0F5B332-625C-4A5D-AAB8-5F36E1BBFBB6}.Release|Any CPU.ActiveCfg = Release|Any CPU
		{C0F5B332-625C-4A5D-AAB8-5F36E1BBFBB6}.Release|Any CPU.Build.0 = Release|Any CPU
		{61AA90F6-06AB-4AC8-99DE-60FA0E7AB150}.Debug|Any CPU.ActiveCfg = Debug|Any CPU
		{61AA90F6-06AB-4AC8-99DE-60FA0E7AB150}.Debug|Any CPU.Build.0 = Debug|Any CPU
		{61AA90F6-06AB-4AC8-99DE-60FA0E7AB150}.Release|Any CPU.ActiveCfg = Release|Any CPU
		{61AA90F6-06AB-4AC8-99DE-60FA0E7AB150}.Release|Any CPU.Build.0 = Release|Any CPU
	EndGlobalSection
	GlobalSection(SolutionProperties) = preSolution
		HideSolutionNode = FALSE
	EndGlobalSection
	GlobalSection(ExtensibilityGlobals) = postSolution
		SolutionGuid = {045BA966-7742-4A83-9D60-E7660906B190}
	EndGlobalSection
EndGlobal
